{
  "version": 4,
  "terraform_version": "1.1.4",
  "serial": 64,
  "lineage": "4b63c68c-bbcb-c5f9-4da9-af347b2becfc",
  "outputs": {},
  "resources": [
    {
      "mode": "managed",
      "type": "random_id",
      "name": "name",
      "provider": "provider[\"registry.terraform.io/hashicorp/random\"]",
      "instances": [
        {
          "schema_version": 0,
          "attributes": {
            "b64_std": "4Fk=",
            "b64_url": "4Fk",
            "byte_length": 2,
            "dec": "57433",
            "hex": "e059",
            "id": "4Fk",
            "keepers": null,
            "prefix": null
          },
          "sensitive_attributes": [],
          "private": "bnVsbA=="
        }
      ]
    },
    {
      "module": "module.student-vm",
      "mode": "managed",
      "type": "google_compute_instance",
      "name": "student_instance",
      "provider": "provider[\"registry.terraform.io/hashicorp/google\"]",
      "instances": []
    }
  ]
}
