{
  "version": 4,
  "terraform_version": "1.1.4",
  "serial": 4,
  "lineage": "f50587a3-e603-1dad-681d-089c8822877e",
  "outputs": {},
  "resources": [
    {
      "mode": "managed",
      "type": "aws_ec2_fleet",
      "name": "student_ec2_fleet",
      "provider": "provider[\"registry.terraform.io/hashicorp/aws\"]",
      "instances": [
        {
          "schema_version": 0,
          "attributes": {
            "excess_capacity_termination_policy": "termination",
            "id": "fleet-cc75b780-9eb5-487d-994b-765b3f5d4ce6",
            "launch_template_config": [
              {
                "launch_template_specification": [
                  {
                    "launch_template_id": "lt-062adf07a355ba884",
                    "launch_template_name": "",
                    "version": "1"
                  }
                ],
                "override": [
                  {
                    "availability_zone": "us-east-1a",
                    "instance_type": "t3.micro",
                    "max_price": "0.1",
                    "priority": 0,
                    "subnet_id": "",
                    "weighted_capacity": 0
                  }
                ]
              }
            ],
            "on_demand_options": [
              {
                "allocation_strategy": "lowestPrice"
              }
            ],
            "replace_unhealthy_instances": false,
            "spot_options": [
              {
                "allocation_strategy": "lowestPrice",
                "instance_interruption_behavior": "terminate",
                "instance_pools_to_use_count": 1,
                "maintenance_strategies": []
              }
            ],
            "tags": {
              "Name": "cloud-computing-workspace-machine",
              "project": "getting-started-with-cloud-computing"
            },
            "tags_all": {
              "Name": "cloud-computing-workspace-machine",
              "project": "getting-started-with-cloud-computing"
            },
            "target_capacity_specification": [
              {
                "default_target_capacity_type": "spot",
                "on_demand_target_capacity": 0,
                "spot_target_capacity": 1,
                "total_target_capacity": 1
              }
            ],
            "terminate_instances": true,
            "terminate_instances_with_expiration": true,
            "timeouts": null,
            "type": "maintain"
          },
          "sensitive_attributes": [],
          "private": "eyJlMmJmYjczMC1lY2FhLTExZTYtOGY4OC0zNDM2M2JjN2M0YzAiOnsiY3JlYXRlIjo2MDAwMDAwMDAwMDAsImRlbGV0ZSI6NjAwMDAwMDAwMDAwLCJ1cGRhdGUiOjYwMDAwMDAwMDAwMH19",
          "dependencies": [
            "aws_launch_template.student_ami_lt",
            "aws_security_group.student_ami_sg"
          ]
        }
      ]
    },
    {
      "mode": "managed",
      "type": "aws_launch_template",
      "name": "student_ami_lt",
      "provider": "provider[\"registry.terraform.io/hashicorp/aws\"]",
      "instances": [
        {
          "schema_version": 0,
          "attributes": {
            "arn": "arn:aws:ec2:us-east-1:380955945980:launch-template/lt-062adf07a355ba884",
            "block_device_mappings": [],
            "capacity_reservation_specification": [],
            "cpu_options": [],
            "credit_specification": [],
            "default_version": 1,
            "description": "",
            "disable_api_termination": false,
            "ebs_optimized": "",
            "elastic_gpu_specifications": [],
            "elastic_inference_accelerator": [],
            "enclave_options": [],
            "hibernation_options": [],
            "iam_instance_profile": [],
            "id": "lt-062adf07a355ba884",
            "image_id": "ami-04537cfe22bace769",
            "instance_initiated_shutdown_behavior": "",
            "instance_market_options": [],
            "instance_type": "",
            "kernel_id": "",
            "key_name": "15619-CC",
            "latest_version": 1,
            "license_specification": [],
            "metadata_options": [],
            "monitoring": [],
            "name": "student_image_launch_template20220122181257738100000002",
            "name_prefix": "student_image_launch_template",
            "network_interfaces": [],
            "placement": [],
            "ram_disk_id": "",
            "security_group_names": null,
            "tag_specifications": [
              {
                "resource_type": "instance",
                "tags": {
                  "Name": "cloud-computing-workspace-machine",
                  "project": "getting-started-with-cloud-computing"
                }
              },
              {
                "resource_type": "volume",
                "tags": {
                  "Name": "cloud-computing-workspace-machine",
                  "project": "getting-started-with-cloud-computing"
                }
              }
            ],
            "tags": null,
            "tags_all": {},
            "update_default_version": null,
            "user_data": "",
            "vpc_security_group_ids": [
              "sg-066cdc0b47e590222"
            ]
          },
          "sensitive_attributes": [],
          "private": "bnVsbA==",
          "dependencies": [
            "aws_security_group.student_ami_sg"
          ]
        }
      ]
    },
    {
      "mode": "managed",
      "type": "aws_security_group",
      "name": "student_ami_sg",
      "provider": "provider[\"registry.terraform.io/hashicorp/aws\"]",
      "instances": [
        {
          "schema_version": 1,
          "attributes": {
            "arn": "arn:aws:ec2:us-east-1:380955945980:security-group/sg-066cdc0b47e590222",
            "description": "Managed by Terraform",
            "egress": [
              {
                "cidr_blocks": [
                  "0.0.0.0/0"
                ],
                "description": "",
                "from_port": 0,
                "ipv6_cidr_blocks": [],
                "prefix_list_ids": [],
                "protocol": "-1",
                "security_groups": [],
                "self": false,
                "to_port": 0
              }
            ],
            "id": "sg-066cdc0b47e590222",
            "ingress": [
              {
                "cidr_blocks": [
                  "0.0.0.0/0"
                ],
                "description": "",
                "from_port": 22,
                "ipv6_cidr_blocks": [],
                "prefix_list_ids": [],
                "protocol": "tcp",
                "security_groups": [],
                "self": false,
                "to_port": 22
              },
              {
                "cidr_blocks": [
                  "0.0.0.0/0"
                ],
                "description": "",
                "from_port": 80,
                "ipv6_cidr_blocks": [],
                "prefix_list_ids": [],
                "protocol": "tcp",
                "security_groups": [],
                "self": false,
                "to_port": 80
              }
            ],
            "name": "terraform-20220122181252965700000001",
            "name_prefix": "terraform-",
            "owner_id": "380955945980",
            "revoke_rules_on_delete": false,
            "tags": {
              "Name": "cloud-computing-workspace-machine",
              "project": "getting-started-with-cloud-computing"
            },
            "tags_all": {
              "Name": "cloud-computing-workspace-machine",
              "project": "getting-started-with-cloud-computing"
            },
            "timeouts": null,
            "vpc_id": "vpc-0aa52f90d7c78b8bb"
          },
          "sensitive_attributes": [],
          "private": "eyJlMmJmYjczMC1lY2FhLTExZTYtOGY4OC0zNDM2M2JjN2M0YzAiOnsiY3JlYXRlIjo2MDAwMDAwMDAwMDAsImRlbGV0ZSI6OTAwMDAwMDAwMDAwfSwic2NoZW1hX3ZlcnNpb24iOiIxIn0="
        }
      ]
    }
  ]
}
