{
  "version": 4,
  "terraform_version": "1.1.4",
  "serial": 99,
  "lineage": "1a7eebbd-7875-9339-9760-9a54ea9b94ea",
  "outputs": {
    "log_uri": {
      "value": "s3n://aws-logs-stream-processing-2120-us-east-1/",
      "type": "string"
    },
    "master_public_dns": {
      "value": "ec2-3-89-139-119.compute-1.amazonaws.com",
      "type": "string"
    },
    "workspace_public_dns": {
      "value": "ec2-18-208-160-118.compute-1.amazonaws.com",
      "type": "string"
    }
  },
  "resources": [
    {
      "mode": "managed",
      "type": "aws_default_subnet",
      "name": "us-east-1-default-subnet",
      "provider": "provider[\"registry.terraform.io/hashicorp/aws\"]",
      "instances": [
        {
          "schema_version": 1,
          "attributes": {
            "arn": "arn:aws:ec2:us-east-1:380955945980:subnet/subnet-058900e1561fcf46c",
            "assign_ipv6_address_on_creation": false,
            "availability_zone": "us-east-1c",
            "availability_zone_id": "use1-az4",
            "cidr_block": "172.31.16.0/20",
            "customer_owned_ipv4_pool": "",
            "enable_dns64": false,
            "enable_resource_name_dns_a_record_on_launch": false,
            "enable_resource_name_dns_aaaa_record_on_launch": false,
            "existing_default_subnet": true,
            "force_destroy": false,
            "id": "subnet-058900e1561fcf46c",
            "ipv6_cidr_block": "",
            "ipv6_cidr_block_association_id": "",
            "ipv6_native": false,
            "map_customer_owned_ip_on_launch": false,
            "map_public_ip_on_launch": true,
            "outpost_arn": "",
            "owner_id": "380955945980",
            "private_dns_hostname_type_on_launch": "ip-name",
            "tags": null,
            "tags_all": {},
            "timeouts": null,
            "vpc_id": "vpc-0aa52f90d7c78b8bb"
          },
          "sensitive_attributes": [],
          "private": "eyJlMmJmYjczMC1lY2FhLTExZTYtOGY4OC0zNDM2M2JjN2M0YzAiOnsiY3JlYXRlIjo2MDAwMDAwMDAwMDAsImRlbGV0ZSI6MTIwMDAwMDAwMDAwMH0sInNjaGVtYV92ZXJzaW9uIjoiMSJ9"
        }
      ]
    },
    {
      "mode": "managed",
      "type": "aws_emr_cluster",
      "name": "emr-test-cluster",
      "provider": "provider[\"registry.terraform.io/hashicorp/aws\"]",
      "instances": [
        {
          "schema_version": 0,
          "attributes": {
            "additional_info": null,
            "applications": [
              "Hadoop",
              "ZooKeeper"
            ],
            "arn": "arn:aws:elasticmapreduce:us-east-1:380955945980:cluster/j-3QBD2PARZ8K03",
            "auto_termination_policy": [],
            "autoscaling_role": "",
            "bootstrap_action": [],
            "cluster_state": "RUNNING",
            "configurations": "emr_configurations.json",
            "configurations_json": null,
            "core_instance_fleet": null,
            "core_instance_group": [
              {
                "autoscaling_policy": "",
                "bid_price": "0.1",
                "ebs_config": [
                  {
                    "iops": null,
                    "size": 50,
                    "type": "gp2",
                    "volumes_per_instance": 1
                  }
                ],
                "id": "ig-11QYOORPM8GQV",
                "instance_count": 2,
                "instance_type": "m4.large",
                "name": ""
              }
            ],
            "custom_ami_id": null,
            "ebs_root_volume_size": 0,
            "ec2_attributes": [
              {
                "additional_master_security_groups": "",
                "additional_slave_security_groups": "",
                "emr_managed_master_security_group": "sg-017a889ec795de0ae",
                "emr_managed_slave_security_group": "sg-00c0bfa50b35b638e",
                "instance_profile": "EMR_EC2_DefaultRole",
                "key_name": "15619-CC",
                "service_access_security_group": "",
                "subnet_id": "subnet-058900e1561fcf46c",
                "subnet_ids": [
                  "subnet-058900e1561fcf46c"
                ]
              }
            ],
            "id": "j-3QBD2PARZ8K03",
            "keep_job_flow_alive_when_no_steps": true,
            "kerberos_attributes": [],
            "log_encryption_kms_key_id": "",
            "log_uri": "s3n://aws-logs-stream-processing-2120-us-east-1/",
            "master_instance_fleet": null,
            "master_instance_group": [
              {
                "bid_price": "0.1",
                "ebs_config": [
                  {
                    "iops": null,
                    "size": 50,
                    "type": "gp2",
                    "volumes_per_instance": 1
                  }
                ],
                "id": "ig-ZQP6XH6AQ1KC",
                "instance_count": 1,
                "instance_type": "m4.large",
                "name": ""
              }
            ],
            "master_public_dns": "ec2-3-89-139-119.compute-1.amazonaws.com",
            "name": "p43-emr-cluster",
            "release_label": "emr-5.29.0",
            "scale_down_behavior": "TERMINATE_AT_TASK_COMPLETION",
            "security_configuration": "",
            "service_role": "EMR_DefaultRole",
            "step": [
              {
                "action_on_failure": "TERMINATE_CLUSTER",
                "hadoop_jar_step": [
                  {
                    "args": [
                      "state-pusher-script"
                    ],
                    "jar": "command-runner.jar",
                    "main_class": "",
                    "properties": null
                  }
                ],
                "name": "Setup Hadoop Debugging"
              }
            ],
            "step_concurrency_level": 1,
            "tags": {
              "Project": "stream-processing"
            },
            "tags_all": {
              "Project": "stream-processing"
            },
            "termination_protection": false,
            "visible_to_all_users": true
          },
          "sensitive_attributes": [],
          "private": "bnVsbA==",
          "dependencies": [
            "aws_default_subnet.us-east-1-default-subnet",
            "aws_s3_bucket.logs_bucket",
            "aws_security_group.emr_master",
            "aws_security_group.emr_slave",
            "random_id.name"
          ]
        }
      ]
    },
    {
      "mode": "managed",
      "type": "aws_instance",
      "name": "student_on_demand_instance",
      "provider": "provider[\"registry.terraform.io/hashicorp/aws\"]",
      "instances": [
        {
          "schema_version": 1,
          "attributes": {
            "ami": "ami-04537cfe22bace769",
            "arn": "arn:aws:ec2:us-east-1:380955945980:instance/i-0dcb5087891c37d47",
            "associate_public_ip_address": true,
            "availability_zone": "us-east-1b",
            "capacity_reservation_specification": [
              {
                "capacity_reservation_preference": "open",
                "capacity_reservation_target": []
              }
            ],
            "cpu_core_count": 1,
            "cpu_threads_per_core": 2,
            "credit_specification": [
              {
                "cpu_credits": "unlimited"
              }
            ],
            "disable_api_termination": false,
            "ebs_block_device": [],
            "ebs_optimized": false,
            "enclave_options": [
              {
                "enabled": false
              }
            ],
            "ephemeral_block_device": [],
            "get_password_data": false,
            "hibernation": false,
            "host_id": null,
            "iam_instance_profile": "",
            "id": "i-0dcb5087891c37d47",
            "instance_initiated_shutdown_behavior": "stop",
            "instance_state": "running",
            "instance_type": "t3.micro",
            "ipv6_address_count": 0,
            "ipv6_addresses": [],
            "key_name": "15619-CC",
            "launch_template": [],
            "metadata_options": [
              {
                "http_endpoint": "enabled",
                "http_put_response_hop_limit": 1,
                "http_tokens": "optional",
                "instance_metadata_tags": "disabled"
              }
            ],
            "monitoring": false,
            "network_interface": [],
            "outpost_arn": "",
            "password_data": "",
            "placement_group": "",
            "placement_partition_number": null,
            "primary_network_interface_id": "eni-0dbe1833439e0b440",
            "private_dns": "ip-172-31-80-43.ec2.internal",
            "private_ip": "172.31.80.43",
            "public_dns": "ec2-18-208-160-118.compute-1.amazonaws.com",
            "public_ip": "18.208.160.118",
            "root_block_device": [
              {
                "delete_on_termination": true,
                "device_name": "/dev/sda1",
                "encrypted": false,
                "iops": 100,
                "kms_key_id": "",
                "tags": {},
                "throughput": 0,
                "volume_id": "vol-0aaaa7b00540c2ea5",
                "volume_size": 8,
                "volume_type": "gp2"
              }
            ],
            "secondary_private_ips": [],
            "security_groups": [
              "emr_master",
              "emr_slave",
              "terraform-20220412215907740700000001"
            ],
            "source_dest_check": true,
            "subnet_id": "subnet-043ea49b461cf4335",
            "tags": {
              "Name": "Cloud Computing Workspace Machine",
              "project": "stream-processing"
            },
            "tags_all": {
              "Name": "Cloud Computing Workspace Machine",
              "project": "stream-processing"
            },
            "tenancy": "default",
            "timeouts": null,
            "user_data": null,
            "user_data_base64": null,
            "user_data_replace_on_change": false,
            "volume_tags": null,
            "vpc_security_group_ids": [
              "sg-00c0bfa50b35b638e",
              "sg-017a889ec795de0ae",
              "sg-0e037eecfee3c2132"
            ]
          },
          "sensitive_attributes": [],
          "private": "eyJlMmJmYjczMC1lY2FhLTExZTYtOGY4OC0zNDM2M2JjN2M0YzAiOnsiY3JlYXRlIjo2MDAwMDAwMDAwMDAsImRlbGV0ZSI6MTIwMDAwMDAwMDAwMCwidXBkYXRlIjo2MDAwMDAwMDAwMDB9LCJzY2hlbWFfdmVyc2lvbiI6IjEifQ==",
          "dependencies": [
            "aws_security_group.emr_master",
            "aws_security_group.emr_slave",
            "aws_security_group.student_ami_sg"
          ]
        }
      ]
    },
    {
      "mode": "managed",
      "type": "aws_s3_bucket",
      "name": "logs_bucket",
      "provider": "provider[\"registry.terraform.io/hashicorp/aws\"]",
      "instances": [
        {
          "schema_version": 0,
          "attributes": {
            "acceleration_status": "",
            "acl": "private",
            "arn": "arn:aws:s3:::aws-logs-stream-processing-2120-us-east-1",
            "bucket": "aws-logs-stream-processing-2120-us-east-1",
            "bucket_domain_name": "aws-logs-stream-processing-2120-us-east-1.s3.amazonaws.com",
            "bucket_prefix": null,
            "bucket_regional_domain_name": "aws-logs-stream-processing-2120-us-east-1.s3.amazonaws.com",
            "cors_rule": [],
            "force_destroy": true,
            "grant": [],
            "hosted_zone_id": "Z3AQBSTGFYJSTF",
            "id": "aws-logs-stream-processing-2120-us-east-1",
            "lifecycle_rule": [],
            "logging": [],
            "object_lock_configuration": [],
            "object_lock_enabled": false,
            "policy": "",
            "region": "us-east-1",
            "replication_configuration": [],
            "request_payer": "BucketOwner",
            "server_side_encryption_configuration": [],
            "tags": {
              "Project": "stream-processing"
            },
            "tags_all": {
              "Project": "stream-processing"
            },
            "versioning": [
              {
                "enabled": false,
                "mfa_delete": false
              }
            ],
            "website": [],
            "website_domain": null,
            "website_endpoint": null
          },
          "sensitive_attributes": [],
          "private": "bnVsbA==",
          "dependencies": [
            "random_id.name"
          ]
        }
      ]
    },
    {
      "mode": "managed",
      "type": "aws_security_group",
      "name": "emr_master",
      "provider": "provider[\"registry.terraform.io/hashicorp/aws\"]",
      "instances": [
        {
          "schema_version": 1,
          "attributes": {
            "arn": "arn:aws:ec2:us-east-1:380955945980:security-group/sg-017a889ec795de0ae",
            "description": "emr_master",
            "egress": [
              {
                "cidr_blocks": [
                  "0.0.0.0/0"
                ],
                "description": "",
                "from_port": 0,
                "ipv6_cidr_blocks": [],
                "prefix_list_ids": [],
                "protocol": "-1",
                "security_groups": [],
                "self": false,
                "to_port": 0
              }
            ],
            "id": "sg-017a889ec795de0ae",
            "ingress": [
              {
                "cidr_blocks": [
                  "0.0.0.0/0"
                ],
                "description": "",
                "from_port": 22,
                "ipv6_cidr_blocks": [],
                "prefix_list_ids": [],
                "protocol": "tcp",
                "security_groups": [],
                "self": false,
                "to_port": 22
              }
            ],
            "name": "emr_master",
            "name_prefix": "",
            "owner_id": "380955945980",
            "revoke_rules_on_delete": true,
            "tags": null,
            "tags_all": {},
            "timeouts": null,
            "vpc_id": "vpc-0aa52f90d7c78b8bb"
          },
          "sensitive_attributes": [],
          "private": "eyJlMmJmYjczMC1lY2FhLTExZTYtOGY4OC0zNDM2M2JjN2M0YzAiOnsiY3JlYXRlIjo2MDAwMDAwMDAwMDAsImRlbGV0ZSI6OTAwMDAwMDAwMDAwfSwic2NoZW1hX3ZlcnNpb24iOiIxIn0="
        }
      ]
    },
    {
      "mode": "managed",
      "type": "aws_security_group",
      "name": "emr_slave",
      "provider": "provider[\"registry.terraform.io/hashicorp/aws\"]",
      "instances": [
        {
          "schema_version": 1,
          "attributes": {
            "arn": "arn:aws:ec2:us-east-1:380955945980:security-group/sg-00c0bfa50b35b638e",
            "description": "emr_slave",
            "egress": [
              {
                "cidr_blocks": [
                  "0.0.0.0/0"
                ],
                "description": "",
                "from_port": 0,
                "ipv6_cidr_blocks": [],
                "prefix_list_ids": [],
                "protocol": "-1",
                "security_groups": [],
                "self": false,
                "to_port": 0
              }
            ],
            "id": "sg-00c0bfa50b35b638e",
            "ingress": [],
            "name": "emr_slave",
            "name_prefix": "",
            "owner_id": "380955945980",
            "revoke_rules_on_delete": true,
            "tags": null,
            "tags_all": {},
            "timeouts": null,
            "vpc_id": "vpc-0aa52f90d7c78b8bb"
          },
          "sensitive_attributes": [],
          "private": "eyJlMmJmYjczMC1lY2FhLTExZTYtOGY4OC0zNDM2M2JjN2M0YzAiOnsiY3JlYXRlIjo2MDAwMDAwMDAwMDAsImRlbGV0ZSI6OTAwMDAwMDAwMDAwfSwic2NoZW1hX3ZlcnNpb24iOiIxIn0="
        }
      ]
    },
    {
      "mode": "managed",
      "type": "aws_security_group",
      "name": "student_ami_sg",
      "provider": "provider[\"registry.terraform.io/hashicorp/aws\"]",
      "instances": [
        {
          "schema_version": 1,
          "attributes": {
            "arn": "arn:aws:ec2:us-east-1:380955945980:security-group/sg-0e037eecfee3c2132",
            "description": "Managed by Terraform",
            "egress": [
              {
                "cidr_blocks": [
                  "0.0.0.0/0"
                ],
                "description": "",
                "from_port": 0,
                "ipv6_cidr_blocks": [],
                "prefix_list_ids": [],
                "protocol": "-1",
                "security_groups": [],
                "self": false,
                "to_port": 0
              }
            ],
            "id": "sg-0e037eecfee3c2132",
            "ingress": [
              {
                "cidr_blocks": [
                  "0.0.0.0/0"
                ],
                "description": "",
                "from_port": 22,
                "ipv6_cidr_blocks": [],
                "prefix_list_ids": [],
                "protocol": "tcp",
                "security_groups": [],
                "self": false,
                "to_port": 22
              },
              {
                "cidr_blocks": [
                  "0.0.0.0/0"
                ],
                "description": "",
                "from_port": 80,
                "ipv6_cidr_blocks": [],
                "prefix_list_ids": [],
                "protocol": "tcp",
                "security_groups": [],
                "self": false,
                "to_port": 80
              }
            ],
            "name": "terraform-20220412215907740700000001",
            "name_prefix": "terraform-",
            "owner_id": "380955945980",
            "revoke_rules_on_delete": false,
            "tags": {
              "Name": "Cloud Computing Workspace",
              "project": "stream-processing"
            },
            "tags_all": {
              "Name": "Cloud Computing Workspace",
              "project": "stream-processing"
            },
            "timeouts": null,
            "vpc_id": "vpc-0aa52f90d7c78b8bb"
          },
          "sensitive_attributes": [],
          "private": "eyJlMmJmYjczMC1lY2FhLTExZTYtOGY4OC0zNDM2M2JjN2M0YzAiOnsiY3JlYXRlIjo2MDAwMDAwMDAwMDAsImRlbGV0ZSI6OTAwMDAwMDAwMDAwfSwic2NoZW1hX3ZlcnNpb24iOiIxIn0="
        }
      ]
    },
    {
      "mode": "managed",
      "type": "aws_security_group_rule",
      "name": "allow_all_traffic_from_master_to_slave",
      "provider": "provider[\"registry.terraform.io/hashicorp/aws\"]",
      "instances": [
        {
          "schema_version": 2,
          "attributes": {
            "cidr_blocks": null,
            "description": null,
            "from_port": 0,
            "id": "sgrule-2897934329",
            "ipv6_cidr_blocks": null,
            "prefix_list_ids": null,
            "protocol": "-1",
            "security_group_id": "sg-00c0bfa50b35b638e",
            "self": false,
            "source_security_group_id": "sg-017a889ec795de0ae",
            "to_port": 0,
            "type": "ingress"
          },
          "sensitive_attributes": [],
          "private": "eyJzY2hlbWFfdmVyc2lvbiI6IjIifQ==",
          "dependencies": [
            "aws_security_group.emr_master",
            "aws_security_group.emr_slave"
          ]
        }
      ]
    },
    {
      "mode": "managed",
      "type": "aws_security_group_rule",
      "name": "allow_all_traffic_from_slave_to_master",
      "provider": "provider[\"registry.terraform.io/hashicorp/aws\"]",
      "instances": [
        {
          "schema_version": 2,
          "attributes": {
            "cidr_blocks": null,
            "description": null,
            "from_port": 0,
            "id": "sgrule-3637620629",
            "ipv6_cidr_blocks": null,
            "prefix_list_ids": null,
            "protocol": "-1",
            "security_group_id": "sg-017a889ec795de0ae",
            "self": false,
            "source_security_group_id": "sg-00c0bfa50b35b638e",
            "to_port": 0,
            "type": "ingress"
          },
          "sensitive_attributes": [],
          "private": "eyJzY2hlbWFfdmVyc2lvbiI6IjIifQ==",
          "dependencies": [
            "aws_security_group.emr_master",
            "aws_security_group.emr_slave"
          ]
        }
      ]
    },
    {
      "mode": "managed",
      "type": "random_id",
      "name": "name",
      "provider": "provider[\"registry.terraform.io/hashicorp/random\"]",
      "instances": [
        {
          "schema_version": 0,
          "attributes": {
            "b64_std": "ISA=",
            "b64_url": "ISA",
            "byte_length": 2,
            "dec": "8480",
            "hex": "2120",
            "id": "ISA",
            "keepers": null,
            "prefix": null
          },
          "sensitive_attributes": [],
          "private": "bnVsbA=="
        }
      ]
    }
  ]
}
