{
  "version": 4,
  "terraform_version": "1.1.4",
  "serial": 12,
  "lineage": "91b81d45-e319-b91e-f9df-341a12e4e368",
  "outputs": {
    "log_uri": {
      "value": "s3://aws-logs-intro-to-stream-6118-us-east-1",
      "type": "string"
    },
    "master_public_dns": {
      "value": "ec2-54-210-218-197.compute-1.amazonaws.com",
      "type": "string"
    }
  },
  "resources": [
    {
      "mode": "managed",
      "type": "aws_default_subnet",
      "name": "us-east-1-default-subnet",
      "provider": "provider[\"registry.terraform.io/hashicorp/aws\"]",
      "instances": [
        {
          "schema_version": 1,
          "attributes": {
            "arn": "arn:aws:ec2:us-east-1:380955945980:subnet/subnet-058900e1561fcf46c",
            "assign_ipv6_address_on_creation": false,
            "availability_zone": "us-east-1c",
            "availability_zone_id": "use1-az4",
            "cidr_block": "172.31.16.0/20",
            "customer_owned_ipv4_pool": "",
            "enable_dns64": false,
            "enable_resource_name_dns_a_record_on_launch": false,
            "enable_resource_name_dns_aaaa_record_on_launch": false,
            "existing_default_subnet": true,
            "force_destroy": false,
            "id": "subnet-058900e1561fcf46c",
            "ipv6_cidr_block": "",
            "ipv6_cidr_block_association_id": "",
            "ipv6_native": false,
            "map_customer_owned_ip_on_launch": false,
            "map_public_ip_on_launch": true,
            "outpost_arn": "",
            "owner_id": "380955945980",
            "private_dns_hostname_type_on_launch": "ip-name",
            "tags": {},
            "tags_all": {},
            "timeouts": null,
            "vpc_id": "vpc-0aa52f90d7c78b8bb"
          },
          "sensitive_attributes": [],
          "private": "eyJlMmJmYjczMC1lY2FhLTExZTYtOGY4OC0zNDM2M2JjN2M0YzAiOnsiY3JlYXRlIjo2MDAwMDAwMDAwMDAsImRlbGV0ZSI6MTIwMDAwMDAwMDAwMH0sInNjaGVtYV92ZXJzaW9uIjoiMSJ9"
        }
      ]
    },
    {
      "mode": "managed",
      "type": "aws_emr_cluster",
      "name": "emr-test-cluster",
      "provider": "provider[\"registry.terraform.io/hashicorp/aws\"]",
      "instances": [
        {
          "schema_version": 0,
          "attributes": {
            "additional_info": null,
            "applications": [
              "Hadoop",
              "ZooKeeper"
            ],
            "arn": "arn:aws:elasticmapreduce:us-east-1:380955945980:cluster/j-3OVR6WO06WXQS",
            "auto_termination_policy": [],
            "autoscaling_role": "",
            "bootstrap_action": [],
            "cluster_state": "RUNNING",
            "configurations": "emr_configurations.json",
            "configurations_json": null,
            "core_instance_fleet": null,
            "core_instance_group": [
              {
                "autoscaling_policy": "",
                "bid_price": "0.1",
                "ebs_config": [
                  {
                    "iops": null,
                    "size": 50,
                    "type": "gp2",
                    "volumes_per_instance": 1
                  }
                ],
                "id": "ig-221RXF8IPRZUM",
                "instance_count": 2,
                "instance_type": "m4.large",
                "name": ""
              }
            ],
            "custom_ami_id": null,
            "ebs_root_volume_size": 0,
            "ec2_attributes": [
              {
                "additional_master_security_groups": "",
                "additional_slave_security_groups": "",
                "emr_managed_master_security_group": "sg-06bce84fa80929fd8",
                "emr_managed_slave_security_group": "sg-03e62d643fd4eb2dc",
                "instance_profile": "EMR_EC2_DefaultRole",
                "key_name": "15619-CC",
                "service_access_security_group": "",
                "subnet_id": "subnet-058900e1561fcf46c",
                "subnet_ids": [
                  "subnet-058900e1561fcf46c"
                ]
              }
            ],
            "id": "j-3OVR6WO06WXQS",
            "keep_job_flow_alive_when_no_steps": true,
            "kerberos_attributes": [],
            "log_encryption_kms_key_id": "",
            "log_uri": "s3n://aws-logs-intro-to-stream-6118-us-east-1/",
            "master_instance_fleet": null,
            "master_instance_group": [
              {
                "bid_price": "0.1",
                "ebs_config": [
                  {
                    "iops": null,
                    "size": 50,
                    "type": "gp2",
                    "volumes_per_instance": 1
                  }
                ],
                "id": "ig-ZU4CDLW3LVEF",
                "instance_count": 1,
                "instance_type": "m4.large",
                "name": ""
              }
            ],
            "master_public_dns": "ec2-54-210-218-197.compute-1.amazonaws.com",
            "name": "p43-primer-emr-cluster",
            "release_label": "emr-5.29.0",
            "scale_down_behavior": "TERMINATE_AT_TASK_COMPLETION",
            "security_configuration": "",
            "service_role": "EMR_DefaultRole",
            "step": [
              {
                "action_on_failure": "TERMINATE_CLUSTER",
                "hadoop_jar_step": [
                  {
                    "args": [
                      "state-pusher-script"
                    ],
                    "jar": "command-runner.jar",
                    "main_class": "",
                    "properties": null
                  }
                ],
                "name": "Setup Hadoop Debugging"
              }
            ],
            "step_concurrency_level": 1,
            "tags": {
              "Project": "intro-to-stream"
            },
            "tags_all": {
              "Project": "intro-to-stream"
            },
            "termination_protection": false,
            "visible_to_all_users": true
          },
          "sensitive_attributes": [],
          "private": "bnVsbA==",
          "dependencies": [
            "aws_default_subnet.us-east-1-default-subnet",
            "aws_s3_bucket.logs_bucket",
            "aws_security_group.emr_master",
            "aws_security_group.emr_slave"
          ]
        }
      ]
    },
    {
      "mode": "managed",
      "type": "aws_s3_bucket",
      "name": "logs_bucket",
      "provider": "provider[\"registry.terraform.io/hashicorp/aws\"]",
      "instances": [
        {
          "schema_version": 0,
          "attributes": {
            "acceleration_status": "",
            "acl": "private",
            "arn": "arn:aws:s3:::aws-logs-intro-to-stream-6118-us-east-1",
            "bucket": "aws-logs-intro-to-stream-6118-us-east-1",
            "bucket_domain_name": "aws-logs-intro-to-stream-6118-us-east-1.s3.amazonaws.com",
            "bucket_prefix": null,
            "bucket_regional_domain_name": "aws-logs-intro-to-stream-6118-us-east-1.s3.amazonaws.com",
            "cors_rule": [],
            "force_destroy": true,
            "grant": [],
            "hosted_zone_id": "Z3AQBSTGFYJSTF",
            "id": "aws-logs-intro-to-stream-6118-us-east-1",
            "lifecycle_rule": [],
            "logging": [],
            "object_lock_configuration": [],
            "object_lock_enabled": false,
            "policy": "",
            "region": "us-east-1",
            "replication_configuration": [],
            "request_payer": "BucketOwner",
            "server_side_encryption_configuration": [],
            "tags": {
              "Project": "intro-to-stream"
            },
            "tags_all": {
              "Project": "intro-to-stream"
            },
            "versioning": [
              {
                "enabled": false,
                "mfa_delete": false
              }
            ],
            "website": [],
            "website_domain": null,
            "website_endpoint": null
          },
          "sensitive_attributes": [],
          "private": "bnVsbA==",
          "dependencies": [
            "random_id.name"
          ]
        }
      ]
    },
    {
      "mode": "managed",
      "type": "aws_security_group",
      "name": "emr_master",
      "provider": "provider[\"registry.terraform.io/hashicorp/aws\"]",
      "instances": [
        {
          "schema_version": 1,
          "attributes": {
            "arn": "arn:aws:ec2:us-east-1:380955945980:security-group/sg-06bce84fa80929fd8",
            "description": "emr_master",
            "egress": [
              {
                "cidr_blocks": [
                  "0.0.0.0/0"
                ],
                "description": "",
                "from_port": 0,
                "ipv6_cidr_blocks": [],
                "prefix_list_ids": [],
                "protocol": "-1",
                "security_groups": [],
                "self": false,
                "to_port": 0
              }
            ],
            "id": "sg-06bce84fa80929fd8",
            "ingress": [
              {
                "cidr_blocks": [
                  "0.0.0.0/0"
                ],
                "description": null,
                "from_port": 22,
                "ipv6_cidr_blocks": [],
                "prefix_list_ids": [],
                "protocol": "tcp",
                "security_groups": [],
                "self": false,
                "to_port": 22
              }
            ],
            "name": "emr_master",
            "name_prefix": "",
            "owner_id": "380955945980",
            "revoke_rules_on_delete": true,
            "tags": {},
            "tags_all": {},
            "timeouts": null,
            "vpc_id": "vpc-0aa52f90d7c78b8bb"
          },
          "sensitive_attributes": [],
          "private": "eyJlMmJmYjczMC1lY2FhLTExZTYtOGY4OC0zNDM2M2JjN2M0YzAiOnsiY3JlYXRlIjo2MDAwMDAwMDAwMDAsImRlbGV0ZSI6OTAwMDAwMDAwMDAwfSwic2NoZW1hX3ZlcnNpb24iOiIxIn0="
        }
      ]
    },
    {
      "mode": "managed",
      "type": "aws_security_group",
      "name": "emr_slave",
      "provider": "provider[\"registry.terraform.io/hashicorp/aws\"]",
      "instances": [
        {
          "schema_version": 1,
          "attributes": {
            "arn": "arn:aws:ec2:us-east-1:380955945980:security-group/sg-03e62d643fd4eb2dc",
            "description": "emr_slave",
            "egress": [
              {
                "cidr_blocks": [
                  "0.0.0.0/0"
                ],
                "description": "",
                "from_port": 0,
                "ipv6_cidr_blocks": [],
                "prefix_list_ids": [],
                "protocol": "-1",
                "security_groups": [],
                "self": false,
                "to_port": 0
              }
            ],
            "id": "sg-03e62d643fd4eb2dc",
            "ingress": [
              {
                "cidr_blocks": [],
                "description": "",
                "from_port": 0,
                "ipv6_cidr_blocks": [],
                "prefix_list_ids": [],
                "protocol": "-1",
                "security_groups": [
                  "sg-06bce84fa80929fd8"
                ],
                "self": false,
                "to_port": 0
              }
            ],
            "name": "emr_slave",
            "name_prefix": "",
            "owner_id": "380955945980",
            "revoke_rules_on_delete": true,
            "tags": {},
            "tags_all": {},
            "timeouts": null,
            "vpc_id": "vpc-0aa52f90d7c78b8bb"
          },
          "sensitive_attributes": [],
          "private": "eyJlMmJmYjczMC1lY2FhLTExZTYtOGY4OC0zNDM2M2JjN2M0YzAiOnsiY3JlYXRlIjo2MDAwMDAwMDAwMDAsImRlbGV0ZSI6OTAwMDAwMDAwMDAwfSwic2NoZW1hX3ZlcnNpb24iOiIxIn0="
        }
      ]
    },
    {
      "mode": "managed",
      "type": "aws_security_group_rule",
      "name": "allow_all_traffic_from_master_to_slave",
      "provider": "provider[\"registry.terraform.io/hashicorp/aws\"]",
      "instances": [
        {
          "schema_version": 2,
          "attributes": {
            "cidr_blocks": [],
            "description": "",
            "from_port": 0,
            "id": "sgrule-2809181783",
            "ipv6_cidr_blocks": [],
            "prefix_list_ids": [],
            "protocol": "-1",
            "security_group_id": "sg-03e62d643fd4eb2dc",
            "self": false,
            "source_security_group_id": "sg-06bce84fa80929fd8",
            "to_port": 0,
            "type": "ingress"
          },
          "sensitive_attributes": [],
          "private": "eyJzY2hlbWFfdmVyc2lvbiI6IjIifQ==",
          "dependencies": [
            "aws_security_group.emr_master",
            "aws_security_group.emr_slave"
          ]
        }
      ]
    },
    {
      "mode": "managed",
      "type": "aws_security_group_rule",
      "name": "allow_all_traffic_from_slave_to_master",
      "provider": "provider[\"registry.terraform.io/hashicorp/aws\"]",
      "instances": [
        {
          "schema_version": 2,
          "attributes": {
            "cidr_blocks": [],
            "description": "",
            "from_port": 0,
            "id": "sgrule-3332192840",
            "ipv6_cidr_blocks": [],
            "prefix_list_ids": [],
            "protocol": "-1",
            "security_group_id": "sg-06bce84fa80929fd8",
            "self": false,
            "source_security_group_id": "sg-03e62d643fd4eb2dc",
            "to_port": 0,
            "type": "ingress"
          },
          "sensitive_attributes": [],
          "private": "eyJzY2hlbWFfdmVyc2lvbiI6IjIifQ==",
          "dependencies": [
            "aws_security_group.emr_master",
            "aws_security_group.emr_slave"
          ]
        }
      ]
    },
    {
      "mode": "managed",
      "type": "random_id",
      "name": "name",
      "provider": "provider[\"registry.terraform.io/hashicorp/random\"]",
      "instances": [
        {
          "schema_version": 0,
          "attributes": {
            "b64_std": "YRg=",
            "b64_url": "YRg",
            "byte_length": 2,
            "dec": "24856",
            "hex": "6118",
            "id": "YRg",
            "keepers": null,
            "prefix": null
          },
          "sensitive_attributes": [],
          "private": "bnVsbA=="
        }
      ]
    }
  ]
}
